
Microsoft Visual Studio Solution File, Format Version 12.00
# Visual Studio Version 16
VisualStudioVersion = 16.0.30804.86
MinimumVisualStudioVersion = 10.0.40219.1
Project("{2150E333-8FDC-42A3-9474-1A3956D46DE8}") = "Apps", "Apps", "{C83C800C-AF2F-4412-8579-D2EB13FEFF36}"
EndProject
Project("{9A19103F-16F7-4668-BE54-9A1E7A4F7556}") = "HightechAngular.Web", "Apps\HightechAngular.Web\HightechAngular.Web.csproj", "{E3752432-B129-4DD3-BA40-61A7C7A8BD06}"
EndProject
Project("{2150E333-8FDC-42A3-9474-1A3956D46DE8}") = "Libs", "Libs", "{0FF4290E-5A6D-4EED-8C3C-134A5391E2E2}"
EndProject
Project("{9A19103F-16F7-4668-BE54-9A1E7A4F7556}") = "Infrastructure", "infrastructure\Infrastructure\Infrastructure.csproj", "{46DE6BAA-2B69-4E9D-82F6-9AB2EDC72693}"
EndProject
Project("{9A19103F-16F7-4668-BE54-9A1E7A4F7556}") = "SwaggerSchema", "infrastructure\SwaggerSchema\SwaggerSchema.csproj", "{56A79706-420B-4AEF-8D9F-AD3443906F69}"
EndProject
Project("{2150E333-8FDC-42A3-9474-1A3956D46DE8}") = "Data", "Data", "{B9672C66-A36D-4228-B5AB-28AEE84E76F2}"
EndProject
Project("{2150E333-8FDC-42A3-9474-1A3956D46DE8}") = "Modules", "Modules", "{08D1E596-411A-4CD6-89CC-F14A617BC26A}"
EndProject
Project("{9A19103F-16F7-4668-BE54-9A1E7A4F7556}") = "HightechAngular.Core", "Modules\HightechAngular.Core\HightechAngular.Core.csproj", "{95B06CC5-1FC8-48BF-8780-A8DF8308D0F2}"
EndProject
Project("{9A19103F-16F7-4668-BE54-9A1E7A4F7556}") = "HightechAngular.Shop", "Modules\HightechAngular.Shop\HightechAngular.Shop.csproj", "{C007FB79-3A5B-475A-959D-0DFFF05F2439}"
EndProject
Project("{9A19103F-16F7-4668-BE54-9A1E7A4F7556}") = "HightechAngular.Identity", "Modules\HightechAngular.Identity\HightechAngular.Identity.csproj", "{E2DFA8DD-BE8C-40C8-94C6-11471F2E3CCF}"
EndProject
Project("{9A19103F-16F7-4668-BE54-9A1E7A4F7556}") = "HightechAngular.Admin", "Modules\HightechAngular.Admin\HightechAngular.Admin.csproj", "{3AB461C9-6A34-4E90-9B61-498ACB60A4DD}"
EndProject
Project("{9A19103F-16F7-4668-BE54-9A1E7A4F7556}") = "HightechAngular.Data", "Data\HightechAngular.Data\HightechAngular.Data.csproj", "{76B02002-3DBD-49A3-91BF-3E61B745175C}"
EndProject
Project("{9A19103F-16F7-4668-BE54-9A1E7A4F7556}") = "Authentication", "Authentication\Authentication.csproj", "{B50D112E-1DE8-4180-A80C-76DB104109A8}"
EndProject
Project("{FAE04EC0-301F-11D3-BF4B-00C04F79EFBC}") = "Claims", "Claims\Claims.csproj", "{A65F81AB-73E5-43FA-ACC7-0F3F985078CF}"
EndProject
Project("{FAE04EC0-301F-11D3-BF4B-00C04F79EFBC}") = "JWTToken", "JWTToken\JWTToken.csproj", "{47E34DD1-1A53-4962-BA22-FAA8C4BF559C}"
EndProject
Project("{FAE04EC0-301F-11D3-BF4B-00C04F79EFBC}") = "IdentityApp", "IdentityApp\IdentityApp.csproj", "{D9AE29BA-E84D-4501-8586-89C0AC539983}"
EndProject
Project("{FAE04EC0-301F-11D3-BF4B-00C04F79EFBC}") = "MyIdeentity", "MyIdeentity\MyIdeentity.csproj", "{F6BBED96-EA71-464B-9D69-3581D297E268}"
EndProject
Project("{FAE04EC0-301F-11D3-BF4B-00C04F79EFBC}") = "MyMailApp", "MyMailApp\MyMailApp.csproj", "{A5A4E801-FD16-4AFC-ADBC-5985A8138294}"
EndProject
Global
	GlobalSection(SolutionConfigurationPlatforms) = preSolution
		Debug|Any CPU = Debug|Any CPU
		Release|Any CPU = Release|Any CPU
	EndGlobalSection
	GlobalSection(ProjectConfigurationPlatforms) = postSolution
		{E3752432-B129-4DD3-BA40-61A7C7A8BD06}.Debug|Any CPU.ActiveCfg = Debug|Any CPU
		{E3752432-B129-4DD3-BA40-61A7C7A8BD06}.Debug|Any CPU.Build.0 = Debug|Any CPU
		{E3752432-B129-4DD3-BA40-61A7C7A8BD06}.Release|Any CPU.ActiveCfg = Release|Any CPU
		{E3752432-B129-4DD3-BA40-61A7C7A8BD06}.Release|Any CPU.Build.0 = Release|Any CPU
		{46DE6BAA-2B69-4E9D-82F6-9AB2EDC72693}.Debug|Any CPU.ActiveCfg = Debug|Any CPU
		{46DE6BAA-2B69-4E9D-82F6-9AB2EDC72693}.Debug|Any CPU.Build.0 = Debug|Any CPU
		{46DE6BAA-2B69-4E9D-82F6-9AB2EDC72693}.Release|Any CPU.ActiveCfg = Release|Any CPU
		{46DE6BAA-2B69-4E9D-82F6-9AB2EDC72693}.Release|Any CPU.Build.0 = Release|Any CPU
		{56A79706-420B-4AEF-8D9F-AD3443906F69}.Debug|Any CPU.ActiveCfg = Debug|Any CPU
		{56A79706-420B-4AEF-8D9F-AD3443906F69}.Debug|Any CPU.Build.0 = Debug|Any CPU
		{56A79706-420B-4AEF-8D9F-AD3443906F69}.Release|Any CPU.ActiveCfg = Release|Any CPU
		{56A79706-420B-4AEF-8D9F-AD3443906F69}.Release|Any CPU.Build.0 = Release|Any CPU
		{95B06CC5-1FC8-48BF-8780-A8DF8308D0F2}.Debug|Any CPU.ActiveCfg = Debug|Any CPU
		{95B06CC5-1FC8-48BF-8780-A8DF8308D0F2}.Debug|Any CPU.Build.0 = Debug|Any CPU
		{95B06CC5-1FC8-48BF-8780-A8DF8308D0F2}.Release|Any CPU.ActiveCfg = Release|Any CPU
		{95B06CC5-1FC8-48BF-8780-A8DF8308D0F2}.Release|Any CPU.Build.0 = Release|Any CPU
		{C007FB79-3A5B-475A-959D-0DFFF05F2439}.Debug|Any CPU.ActiveCfg = Debug|Any CPU
		{C007FB79-3A5B-475A-959D-0DFFF05F2439}.Debug|Any CPU.Build.0 = Debug|Any CPU
		{C007FB79-3A5B-475A-959D-0DFFF05F2439}.Release|Any CPU.ActiveCfg = Release|Any CPU
		{C007FB79-3A5B-475A-959D-0DFFF05F2439}.Release|Any CPU.Build.0 = Release|Any CPU
		{E2DFA8DD-BE8C-40C8-94C6-11471F2E3CCF}.Debug|Any CPU.ActiveCfg = Debug|Any CPU
		{E2DFA8DD-BE8C-40C8-94C6-11471F2E3CCF}.Debug|Any CPU.Build.0 = Debug|Any CPU
		{E2DFA8DD-BE8C-40C8-94C6-11471F2E3CCF}.Release|Any CPU.ActiveCfg = Release|Any CPU
		{E2DFA8DD-BE8C-40C8-94C6-11471F2E3CCF}.Release|Any CPU.Build.0 = Release|Any CPU
		{3AB461C9-6A34-4E90-9B61-498ACB60A4DD}.Debug|Any CPU.ActiveCfg = Debug|Any CPU
		{3AB461C9-6A34-4E90-9B61-498ACB60A4DD}.Debug|Any CPU.Build.0 = Debug|Any CPU
		{3AB461C9-6A34-4E90-9B61-498ACB60A4DD}.Release|Any CPU.ActiveCfg = Release|Any CPU
		{3AB461C9-6A34-4E90-9B61-498ACB60A4DD}.Release|Any CPU.Build.0 = Release|Any CPU
		{76B02002-3DBD-49A3-91BF-3E61B745175C}.Debug|Any CPU.ActiveCfg = Debug|Any CPU
		{76B02002-3DBD-49A3-91BF-3E61B745175C}.Debug|Any CPU.Build.0 = Debug|Any CPU
		{76B02002-3DBD-49A3-91BF-3E61B745175C}.Release|Any CPU.ActiveCfg = Release|Any CPU
		{76B02002-3DBD-49A3-91BF-3E61B745175C}.Release|Any CPU.Build.0 = Release|Any CPU
		{B50D112E-1DE8-4180-A80C-76DB104109A8}.Debug|Any CPU.ActiveCfg = Debug|Any CPU
		{B50D112E-1DE8-4180-A80C-76DB104109A8}.Debug|Any CPU.Build.0 = Debug|Any CPU
		{B50D112E-1DE8-4180-A80C-76DB104109A8}.Release|Any CPU.ActiveCfg = Release|Any CPU
		{B50D112E-1DE8-4180-A80C-76DB104109A8}.Release|Any CPU.Build.0 = Release|Any CPU
		{A65F81AB-73E5-43FA-ACC7-0F3F985078CF}.Debug|Any CPU.ActiveCfg = Debug|Any CPU
		{A65F81AB-73E5-43FA-ACC7-0F3F985078CF}.Debug|Any CPU.Build.0 = Debug|Any CPU
		{A65F81AB-73E5-43FA-ACC7-0F3F985078CF}.Release|Any CPU.ActiveCfg = Release|Any CPU
		{A65F81AB-73E5-43FA-ACC7-0F3F985078CF}.Release|Any CPU.Build.0 = Release|Any CPU
		{47E34DD1-1A53-4962-BA22-FAA8C4BF559C}.Debug|Any CPU.ActiveCfg = Debug|Any CPU
		{47E34DD1-1A53-4962-BA22-FAA8C4BF559C}.Debug|Any CPU.Build.0 = Debug|Any CPU
		{47E34DD1-1A53-4962-BA22-FAA8C4BF559C}.Release|Any CPU.ActiveCfg = Release|Any CPU
		{47E34DD1-1A53-4962-BA22-FAA8C4BF559C}.Release|Any CPU.Build.0 = Release|Any CPU
		{D9AE29BA-E84D-4501-8586-89C0AC539983}.Debug|Any CPU.ActiveCfg = Debug|Any CPU
		{D9AE29BA-E84D-4501-8586-89C0AC539983}.Debug|Any CPU.Build.0 = Debug|Any CPU
		{D9AE29BA-E84D-4501-8586-89C0AC539983}.Release|Any CPU.ActiveCfg = Release|Any CPU
		{D9AE29BA-E84D-4501-8586-89C0AC539983}.Release|Any CPU.Build.0 = Release|Any CPU
		{F6BBED96-EA71-464B-9D69-3581D297E268}.Debug|Any CPU.ActiveCfg = Debug|Any CPU
		{F6BBED96-EA71-464B-9D69-3581D297E268}.Debug|Any CPU.Build.0 = Debug|Any CPU
		{F6BBED96-EA71-464B-9D69-3581D297E268}.Release|Any CPU.ActiveCfg = Release|Any CPU
		{F6BBED96-EA71-464B-9D69-3581D297E268}.Release|Any CPU.Build.0 = Release|Any CPU
		{A5A4E801-FD16-4AFC-ADBC-5985A8138294}.Debug|Any CPU.ActiveCfg = Debug|Any CPU
		{A5A4E801-FD16-4AFC-ADBC-5985A8138294}.Debug|Any CPU.Build.0 = Debug|Any CPU
		{A5A4E801-FD16-4AFC-ADBC-5985A8138294}.Release|Any CPU.ActiveCfg = Release|Any CPU
		{A5A4E801-FD16-4AFC-ADBC-5985A8138294}.Release|Any CPU.Build.0 = Release|Any CPU
	EndGlobalSection
	GlobalSection(SolutionProperties) = preSolution
		HideSolutionNode = FALSE
	EndGlobalSection
	GlobalSection(NestedProjects) = preSolution
		{E3752432-B129-4DD3-BA40-61A7C7A8BD06} = {C83C800C-AF2F-4412-8579-D2EB13FEFF36}
		{46DE6BAA-2B69-4E9D-82F6-9AB2EDC72693} = {0FF4290E-5A6D-4EED-8C3C-134A5391E2E2}
		{56A79706-420B-4AEF-8D9F-AD3443906F69} = {0FF4290E-5A6D-4EED-8C3C-134A5391E2E2}
		{95B06CC5-1FC8-48BF-8780-A8DF8308D0F2} = {08D1E596-411A-4CD6-89CC-F14A617BC26A}
		{C007FB79-3A5B-475A-959D-0DFFF05F2439} = {08D1E596-411A-4CD6-89CC-F14A617BC26A}
		{E2DFA8DD-BE8C-40C8-94C6-11471F2E3CCF} = {08D1E596-411A-4CD6-89CC-F14A617BC26A}
		{3AB461C9-6A34-4E90-9B61-498ACB60A4DD} = {08D1E596-411A-4CD6-89CC-F14A617BC26A}
		{76B02002-3DBD-49A3-91BF-3E61B745175C} = {B9672C66-A36D-4228-B5AB-28AEE84E76F2}
	EndGlobalSection
	GlobalSection(ExtensibilityGlobals) = postSolution
		SolutionGuid = {F51EBB2F-98C1-46AE-B9F0-7B317DCA6E94}
	EndGlobalSection
EndGlobal
